
Microsoft Visual Studio Solution File, Format Version 12.00
# Visual Studio Version 17
VisualStudioVersion = 17.3.32929.385
MinimumVisualStudioVersion = 10.0.40219.1
Project("{FAE04EC0-301F-11D3-BF4B-00C04F79EFBC}") = "webviewTest.Android", "webviewTest.Android\webviewTest.Android.csproj", "{ECA477DD-EB81-452E-BF4D-D54AB504A83F}"
EndProject
Project("{FAE04EC0-301F-11D3-BF4B-00C04F79EFBC}") = "webviewTest", "webviewTest\webviewTest.csproj", "{EB435147-8BB9-4F4A-8357-B6C8AD211ED9}"
EndProject
Global
	GlobalSection(SolutionConfigurationPlatforms) = preSolution
		Debug|Any CPU = Debug|Any CPU
		Release|Any CPU = Release|Any CPU
	EndGlobalSection
	GlobalSection(ProjectConfigurationPlatforms) = postSolution
		{ECA477DD-EB81-452E-BF4D-D54AB504A83F}.Debug|Any CPU.ActiveCfg = Debug|Any CPU
		{ECA477DD-EB81-452E-BF4D-D54AB504A83F}.Debug|Any CPU.Build.0 = Debug|Any CPU
		{ECA477DD-EB81-452E-BF4D-D54AB504A83F}.Debug|Any CPU.Deploy.0 = Debug|Any CPU
		{ECA477DD-EB81-452E-BF4D-D54AB504A83F}.Release|Any CPU.ActiveCfg = Release|Any CPU
		{ECA477DD-EB81-452E-BF4D-D54AB504A83F}.Release|Any CPU.Build.0 = Release|Any CPU
		{ECA477DD-EB81-452E-BF4D-D54AB504A83F}.Release|Any CPU.Deploy.0 = Release|Any CPU
		{EB435147-8BB9-4F4A-8357-B6C8AD211ED9}.Debug|Any CPU.ActiveCfg = Debug|Any CPU
		{EB435147-8BB9-4F4A-8357-B6C8AD211ED9}.Debug|Any CPU.Build.0 = Debug|Any CPU
		{EB435147-8BB9-4F4A-8357-B6C8AD211ED9}.Debug|Any CPU.Deploy.0 = Debug|Any CPU
		{EB435147-8BB9-4F4A-8357-B6C8AD211ED9}.Release|Any CPU.ActiveCfg = Release|Any CPU
		{EB435147-8BB9-4F4A-8357-B6C8AD211ED9}.Release|Any CPU.Build.0 = Release|Any CPU
		{EB435147-8BB9-4F4A-8357-B6C8AD211ED9}.Release|Any CPU.Deploy.0 = Release|Any CPU
	EndGlobalSection
	GlobalSection(SolutionProperties) = preSolution
		HideSolutionNode = FALSE
	EndGlobalSection
	GlobalSection(ExtensibilityGlobals) = postSolution
		SolutionGuid = {3C4571D3-4549-44AE-8FF7-7D7F58C1B7A4}
	EndGlobalSection
EndGlobal
